
Microsoft Visual Studio Solution File, Format Version 12.00
# Visual Studio Version 17
VisualStudioVersion = 17.2.32602.215
MinimumVisualStudioVersion = 10.0.40219.1
Project("{FAE04EC0-301F-11D3-BF4B-00C04F79EFBC}") = "TrueRealtor.API", "TrueRealtor.API\TrueRealtor.API.csproj", "{7694577B-094D-4950-957B-4401D65CBC93}"
EndProject
Project("{FAE04EC0-301F-11D3-BF4B-00C04F79EFBC}") = "TrueRealtor.Business", "TrueRealtor.Business\TrueRealtor.Business.csproj", "{B31FD166-170B-4DFE-9A00-55FC6C4921E6}"
EndProject
Project("{FAE04EC0-301F-11D3-BF4B-00C04F79EFBC}") = "TrueRealtor.Data", "TrueRealtor.Data\TrueRealtor.Data.csproj", "{CE1B9A00-63B4-4CD8-AF4E-AA773A48A4D0}"
EndProject
Global
	GlobalSection(SolutionConfigurationPlatforms) = preSolution
		Debug|Any CPU = Debug|Any CPU
		Release|Any CPU = Release|Any CPU
	EndGlobalSection
	GlobalSection(ProjectConfigurationPlatforms) = postSolution
		{7694577B-094D-4950-957B-4401D65CBC93}.Debug|Any CPU.ActiveCfg = Debug|Any CPU
		{7694577B-094D-4950-957B-4401D65CBC93}.Debug|Any CPU.Build.0 = Debug|Any CPU
		{7694577B-094D-4950-957B-4401D65CBC93}.Release|Any CPU.ActiveCfg = Release|Any CPU
		{7694577B-094D-4950-957B-4401D65CBC93}.Release|Any CPU.Build.0 = Release|Any CPU
		{B31FD166-170B-4DFE-9A00-55FC6C4921E6}.Debug|Any CPU.ActiveCfg = Debug|Any CPU
		{B31FD166-170B-4DFE-9A00-55FC6C4921E6}.Debug|Any CPU.Build.0 = Debug|Any CPU
		{B31FD166-170B-4DFE-9A00-55FC6C4921E6}.Release|Any CPU.ActiveCfg = Release|Any CPU
		{B31FD166-170B-4DFE-9A00-55FC6C4921E6}.Release|Any CPU.Build.0 = Release|Any CPU
		{CE1B9A00-63B4-4CD8-AF4E-AA773A48A4D0}.Debug|Any CPU.ActiveCfg = Debug|Any CPU
		{CE1B9A00-63B4-4CD8-AF4E-AA773A48A4D0}.Debug|Any CPU.Build.0 = Debug|Any CPU
		{CE1B9A00-63B4-4CD8-AF4E-AA773A48A4D0}.Release|Any CPU.ActiveCfg = Release|Any CPU
		{CE1B9A00-63B4-4CD8-AF4E-AA773A48A4D0}.Release|Any CPU.Build.0 = Release|Any CPU
	EndGlobalSection
	GlobalSection(SolutionProperties) = preSolution
		HideSolutionNode = FALSE
	EndGlobalSection
	GlobalSection(ExtensibilityGlobals) = postSolution
		SolutionGuid = {E568EDF7-F3CA-4952-978E-261F6DFF0257}
	EndGlobalSection
EndGlobal
